
Microsoft Visual Studio Solution File, Format Version 12.00
# Visual Studio Version 17
VisualStudioVersion = 17.14.36203.30 d17.14
MinimumVisualStudioVersion = 10.0.40219.1
Project("{FAE04EC0-301F-11D3-BF4B-00C04F79EFBC}") = "FacultyFeedbackSystem", "FacultyFeedbackSystem\FacultyFeedbackSystem.csproj", "{97828A67-FB8A-417D-BC4D-938A345CC421}"
EndProject
Global
	GlobalSection(SolutionConfigurationPlatforms) = preSolution
		Debug|Any CPU = Debug|Any CPU
		Release|Any CPU = Release|Any CPU
	EndGlobalSection
	GlobalSection(ProjectConfigurationPlatforms) = postSolution
		{97828A67-FB8A-417D-BC4D-938A345CC421}.Debug|Any CPU.ActiveCfg = Debug|Any CPU
		{97828A67-FB8A-417D-BC4D-938A345CC421}.Debug|Any CPU.Build.0 = Debug|Any CPU
		{97828A67-FB8A-417D-BC4D-938A345CC421}.Release|Any CPU.ActiveCfg = Release|Any CPU
		{97828A67-FB8A-417D-BC4D-938A345CC421}.Release|Any CPU.Build.0 = Release|Any CPU
	EndGlobalSection
	GlobalSection(SolutionProperties) = preSolution
		HideSolutionNode = FALSE
	EndGlobalSection
	GlobalSection(ExtensibilityGlobals) = postSolution
		SolutionGuid = {558BA2F8-81BB-491F-9B64-B87C2FD17AC3}
	EndGlobalSection
EndGlobal
